
Microsoft Visual Studio Solution File, Format Version 12.00
# Visual Studio Version 16
VisualStudioVersion = 16.0.30114.105
MinimumVisualStudioVersion = 10.0.40219.1
Project("{9A19103F-16F7-4668-BE54-9A1E7A4F7556}") = "R5T.D0116", "R5T.D0116\R5T.D0116.csproj", "{9C1D64A4-1778-46C2-8CD5-5D49B893D193}"
EndProject
Project("{2150E333-8FDC-42A3-9474-1A3956D46DE8}") = "_Dependencies", "_Dependencies", "{393372C5-7479-4DC6-9DDC-E4305020EA33}"
EndProject
Project("{9A19103F-16F7-4668-BE54-9A1E7A4F7556}") = "R5T.T0064", "..\..\R5T.T0064\source\R5T.T0064\R5T.T0064.csproj", "{2DCC9595-B002-4498-BA09-5848B806C11E}"
EndProject
Project("{9A19103F-16F7-4668-BE54-9A1E7A4F7556}") = "R5T.L0011.X000", "..\..\R5T.L0011\source\R5T.L0011.X000\R5T.L0011.X000.csproj", "{AB882E7D-DC8B-44AE-8F69-0696A6A96C76}"
EndProject
Project("{9A19103F-16F7-4668-BE54-9A1E7A4F7556}") = "R5T.D0116.T000", "R5T.D0116.T000\R5T.D0116.T000.csproj", "{335BCD07-035F-4028-92F1-D53E0AD35D7F}"
EndProject
Project("{9A19103F-16F7-4668-BE54-9A1E7A4F7556}") = "R5T.D0116.I001", "R5T.D0116.I001\R5T.D0116.I001.csproj", "{635C75AF-ECA5-4E08-BD3E-6F081A2CD751}"
EndProject
Project("{9A19103F-16F7-4668-BE54-9A1E7A4F7556}") = "R5T.T0062.X001", "..\..\R5T.T0062\source\R5T.T0062.X001\R5T.T0062.X001.csproj", "{54F01AF5-8ECB-4078-B865-E99EE38D4047}"
EndProject
Project("{9A19103F-16F7-4668-BE54-9A1E7A4F7556}") = "R5T.D0116.X001", "R5T.D0116.X001\R5T.D0116.X001.csproj", "{25D2BBBE-9388-40E9-BDC5-ECA30E1E773F}"
EndProject
Project("{9A19103F-16F7-4668-BE54-9A1E7A4F7556}") = "R5T.T0126", "..\..\R5T.T0126\source\R5T.T0126\R5T.T0126.csproj", "{197CF56B-8C6E-4756-B417-E16891C762C0}"
EndProject
Project("{9A19103F-16F7-4668-BE54-9A1E7A4F7556}") = "R5T.T0098", "..\..\R5T.T0098\source\R5T.T0098\R5T.T0098.csproj", "{F38E8C62-7156-4FDE-9E9C-1E8BEA404AE5}"
EndProject
Project("{9A19103F-16F7-4668-BE54-9A1E7A4F7556}") = "R5T.T0036.X004", "..\..\R5T.T0036\source\R5T.T0036.X004\R5T.T0036.X004.csproj", "{CDC8FFB3-2016-4BC5-9C17-BAD0284950FA}"
EndProject
Global
	GlobalSection(SolutionConfigurationPlatforms) = preSolution
		Debug|Any CPU = Debug|Any CPU
		Debug|x64 = Debug|x64
		Debug|x86 = Debug|x86
		Release|Any CPU = Release|Any CPU
		Release|x64 = Release|x64
		Release|x86 = Release|x86
	EndGlobalSection
	GlobalSection(ProjectConfigurationPlatforms) = postSolution
		{9C1D64A4-1778-46C2-8CD5-5D49B893D193}.Debug|Any CPU.ActiveCfg = Debug|Any CPU
		{9C1D64A4-1778-46C2-8CD5-5D49B893D193}.Debug|Any CPU.Build.0 = Debug|Any CPU
		{9C1D64A4-1778-46C2-8CD5-5D49B893D193}.Debug|x64.ActiveCfg = Debug|Any CPU
		{9C1D64A4-1778-46C2-8CD5-5D49B893D193}.Debug|x64.Build.0 = Debug|Any CPU
		{9C1D64A4-1778-46C2-8CD5-5D49B893D193}.Debug|x86.ActiveCfg = Debug|Any CPU
		{9C1D64A4-1778-46C2-8CD5-5D49B893D193}.Debug|x86.Build.0 = Debug|Any CPU
		{9C1D64A4-1778-46C2-8CD5-5D49B893D193}.Release|Any CPU.ActiveCfg = Release|Any CPU
		{9C1D64A4-1778-46C2-8CD5-5D49B893D193}.Release|Any CPU.Build.0 = Release|Any CPU
		{9C1D64A4-1778-46C2-8CD5-5D49B893D193}.Release|x64.ActiveCfg = Release|Any CPU
		{9C1D64A4-1778-46C2-8CD5-5D49B893D193}.Release|x64.Build.0 = Release|Any CPU
		{9C1D64A4-1778-46C2-8CD5-5D49B893D193}.Release|x86.ActiveCfg = Release|Any CPU
		{9C1D64A4-1778-46C2-8CD5-5D49B893D193}.Release|x86.Build.0 = Release|Any CPU
		{2DCC9595-B002-4498-BA09-5848B806C11E}.Debug|Any CPU.ActiveCfg = Debug|Any CPU
		{2DCC9595-B002-4498-BA09-5848B806C11E}.Debug|Any CPU.Build.0 = Debug|Any CPU
		{2DCC9595-B002-4498-BA09-5848B806C11E}.Debug|x64.ActiveCfg = Debug|Any CPU
		{2DCC9595-B002-4498-BA09-5848B806C11E}.Debug|x64.Build.0 = Debug|Any CPU
		{2DCC9595-B002-4498-BA09-5848B806C11E}.Debug|x86.ActiveCfg = Debug|Any CPU
		{2DCC9595-B002-4498-BA09-5848B806C11E}.Debug|x86.Build.0 = Debug|Any CPU
		{2DCC9595-B002-4498-BA09-5848B806C11E}.Release|Any CPU.ActiveCfg = Release|Any CPU
		{2DCC9595-B002-4498-BA09-5848B806C11E}.Release|Any CPU.Build.0 = Release|Any CPU
		{2DCC9595-B002-4498-BA09-5848B806C11E}.Release|x64.ActiveCfg = Release|Any CPU
		{2DCC9595-B002-4498-BA09-5848B806C11E}.Release|x64.Build.0 = Release|Any CPU
		{2DCC9595-B002-4498-BA09-5848B806C11E}.Release|x86.ActiveCfg = Release|Any CPU
		{2DCC9595-B002-4498-BA09-5848B806C11E}.Release|x86.Build.0 = Release|Any CPU
		{AB882E7D-DC8B-44AE-8F69-0696A6A96C76}.Debug|Any CPU.ActiveCfg = Debug|Any CPU
		{AB882E7D-DC8B-44AE-8F69-0696A6A96C76}.Debug|Any CPU.Build.0 = Debug|Any CPU
		{AB882E7D-DC8B-44AE-8F69-0696A6A96C76}.Debug|x64.ActiveCfg = Debug|Any CPU
		{AB882E7D-DC8B-44AE-8F69-0696A6A96C76}.Debug|x64.Build.0 = Debug|Any CPU
		{AB882E7D-DC8B-44AE-8F69-0696A6A96C76}.Debug|x86.ActiveCfg = Debug|Any CPU
		{AB882E7D-DC8B-44AE-8F69-0696A6A96C76}.Debug|x86.Build.0 = Debug|Any CPU
		{AB882E7D-DC8B-44AE-8F69-0696A6A96C76}.Release|Any CPU.ActiveCfg = Release|Any CPU
		{AB882E7D-DC8B-44AE-8F69-0696A6A96C76}.Release|Any CPU.Build.0 = Release|Any CPU
		{AB882E7D-DC8B-44AE-8F69-0696A6A96C76}.Release|x64.ActiveCfg = Release|Any CPU
		{AB882E7D-DC8B-44AE-8F69-0696A6A96C76}.Release|x64.Build.0 = Release|Any CPU
		{AB882E7D-DC8B-44AE-8F69-0696A6A96C76}.Release|x86.ActiveCfg = Release|Any CPU
		{AB882E7D-DC8B-44AE-8F69-0696A6A96C76}.Release|x86.Build.0 = Release|Any CPU
		{335BCD07-035F-4028-92F1-D53E0AD35D7F}.Debug|Any CPU.ActiveCfg = Debug|Any CPU
		{335BCD07-035F-4028-92F1-D53E0AD35D7F}.Debug|Any CPU.Build.0 = Debug|Any CPU
		{335BCD07-035F-4028-92F1-D53E0AD35D7F}.Debug|x64.ActiveCfg = Debug|Any CPU
		{335BCD07-035F-4028-92F1-D53E0AD35D7F}.Debug|x64.Build.0 = Debug|Any CPU
		{335BCD07-035F-4028-92F1-D53E0AD35D7F}.Debug|x86.ActiveCfg = Debug|Any CPU
		{335BCD07-035F-4028-92F1-D53E0AD35D7F}.Debug|x86.Build.0 = Debug|Any CPU
		{335BCD07-035F-4028-92F1-D53E0AD35D7F}.Release|Any CPU.ActiveCfg = Release|Any CPU
		{335BCD07-035F-4028-92F1-D53E0AD35D7F}.Release|Any CPU.Build.0 = Release|Any CPU
		{335BCD07-035F-4028-92F1-D53E0AD35D7F}.Release|x64.ActiveCfg = Release|Any CPU
		{335BCD07-035F-4028-92F1-D53E0AD35D7F}.Release|x64.Build.0 = Release|Any CPU
		{335BCD07-035F-4028-92F1-D53E0AD35D7F}.Release|x86.ActiveCfg = Release|Any CPU
		{335BCD07-035F-4028-92F1-D53E0AD35D7F}.Release|x86.Build.0 = Release|Any CPU
		{635C75AF-ECA5-4E08-BD3E-6F081A2CD751}.Debug|Any CPU.ActiveCfg = Debug|Any CPU
		{635C75AF-ECA5-4E08-BD3E-6F081A2CD751}.Debug|Any CPU.Build.0 = Debug|Any CPU
		{635C75AF-ECA5-4E08-BD3E-6F081A2CD751}.Debug|x64.ActiveCfg = Debug|Any CPU
		{635C75AF-ECA5-4E08-BD3E-6F081A2CD751}.Debug|x64.Build.0 = Debug|Any CPU
		{635C75AF-ECA5-4E08-BD3E-6F081A2CD751}.Debug|x86.ActiveCfg = Debug|Any CPU
		{635C75AF-ECA5-4E08-BD3E-6F081A2CD751}.Debug|x86.Build.0 = Debug|Any CPU
		{635C75AF-ECA5-4E08-BD3E-6F081A2CD751}.Release|Any CPU.ActiveCfg = Release|Any CPU
		{635C75AF-ECA5-4E08-BD3E-6F081A2CD751}.Release|Any CPU.Build.0 = Release|Any CPU
		{635C75AF-ECA5-4E08-BD3E-6F081A2CD751}.Release|x64.ActiveCfg = Release|Any CPU
		{635C75AF-ECA5-4E08-BD3E-6F081A2CD751}.Release|x64.Build.0 = Release|Any CPU
		{635C75AF-ECA5-4E08-BD3E-6F081A2CD751}.Release|x86.ActiveCfg = Release|Any CPU
		{635C75AF-ECA5-4E08-BD3E-6F081A2CD751}.Release|x86.Build.0 = Release|Any CPU
		{54F01AF5-8ECB-4078-B865-E99EE38D4047}.Debug|Any CPU.ActiveCfg = Debug|Any CPU
		{54F01AF5-8ECB-4078-B865-E99EE38D4047}.Debug|Any CPU.Build.0 = Debug|Any CPU
		{54F01AF5-8ECB-4078-B865-E99EE38D4047}.Debug|x64.ActiveCfg = Debug|Any CPU
		{54F01AF5-8ECB-4078-B865-E99EE38D4047}.Debug|x64.Build.0 = Debug|Any CPU
		{54F01AF5-8ECB-4078-B865-E99EE38D4047}.Debug|x86.ActiveCfg = Debug|Any CPU
		{54F01AF5-8ECB-4078-B865-E99EE38D4047}.Debug|x86.Build.0 = Debug|Any CPU
		{54F01AF5-8ECB-4078-B865-E99EE38D4047}.Release|Any CPU.ActiveCfg = Release|Any CPU
		{54F01AF5-8ECB-4078-B865-E99EE38D4047}.Release|Any CPU.Build.0 = Release|Any CPU
		{54F01AF5-8ECB-4078-B865-E99EE38D4047}.Release|x64.ActiveCfg = Release|Any CPU
		{54F01AF5-8ECB-4078-B865-E99EE38D4047}.Release|x64.Build.0 = Release|Any CPU
		{54F01AF5-8ECB-4078-B865-E99EE38D4047}.Release|x86.ActiveCfg = Release|Any CPU
		{54F01AF5-8ECB-4078-B865-E99EE38D4047}.Release|x86.Build.0 = Release|Any CPU
		{25D2BBBE-9388-40E9-BDC5-ECA30E1E773F}.Debug|Any CPU.ActiveCfg = Debug|Any CPU
		{25D2BBBE-9388-40E9-BDC5-ECA30E1E773F}.Debug|Any CPU.Build.0 = Debug|Any CPU
		{25D2BBBE-9388-40E9-BDC5-ECA30E1E773F}.Debug|x64.ActiveCfg = Debug|Any CPU
		{25D2BBBE-9388-40E9-BDC5-ECA30E1E773F}.Debug|x64.Build.0 = Debug|Any CPU
		{25D2BBBE-9388-40E9-BDC5-ECA30E1E773F}.Debug|x86.ActiveCfg = Debug|Any CPU
		{25D2BBBE-9388-40E9-BDC5-ECA30E1E773F}.Debug|x86.Build.0 = Debug|Any CPU
		{25D2BBBE-9388-40E9-BDC5-ECA30E1E773F}.Release|Any CPU.ActiveCfg = Release|Any CPU
		{25D2BBBE-9388-40E9-BDC5-ECA30E1E773F}.Release|Any CPU.Build.0 = Release|Any CPU
		{25D2BBBE-9388-40E9-BDC5-ECA30E1E773F}.Release|x64.ActiveCfg = Release|Any CPU
		{25D2BBBE-9388-40E9-BDC5-ECA30E1E773F}.Release|x64.Build.0 = Release|Any CPU
		{25D2BBBE-9388-40E9-BDC5-ECA30E1E773F}.Release|x86.ActiveCfg = Release|Any CPU
		{25D2BBBE-9388-40E9-BDC5-ECA30E1E773F}.Release|x86.Build.0 = Release|Any CPU
		{197CF56B-8C6E-4756-B417-E16891C762C0}.Debug|Any CPU.ActiveCfg = Debug|Any CPU
		{197CF56B-8C6E-4756-B417-E16891C762C0}.Debug|Any CPU.Build.0 = Debug|Any CPU
		{197CF56B-8C6E-4756-B417-E16891C762C0}.Debug|x64.ActiveCfg = Debug|Any CPU
		{197CF56B-8C6E-4756-B417-E16891C762C0}.Debug|x64.Build.0 = Debug|Any CPU
		{197CF56B-8C6E-4756-B417-E16891C762C0}.Debug|x86.ActiveCfg = Debug|Any CPU
		{197CF56B-8C6E-4756-B417-E16891C762C0}.Debug|x86.Build.0 = Debug|Any CPU
		{197CF56B-8C6E-4756-B417-E16891C762C0}.Release|Any CPU.ActiveCfg = Release|Any CPU
		{197CF56B-8C6E-4756-B417-E16891C762C0}.Release|Any CPU.Build.0 = Release|Any CPU
		{197CF56B-8C6E-4756-B417-E16891C762C0}.Release|x64.ActiveCfg = Release|Any CPU
		{197CF56B-8C6E-4756-B417-E16891C762C0}.Release|x64.Build.0 = Release|Any CPU
		{197CF56B-8C6E-4756-B417-E16891C762C0}.Release|x86.ActiveCfg = Release|Any CPU
		{197CF56B-8C6E-4756-B417-E16891C762C0}.Release|x86.Build.0 = Release|Any CPU
		{F38E8C62-7156-4FDE-9E9C-1E8BEA404AE5}.Debug|Any CPU.ActiveCfg = Debug|Any CPU
		{F38E8C62-7156-4FDE-9E9C-1E8BEA404AE5}.Debug|Any CPU.Build.0 = Debug|Any CPU
		{F38E8C62-7156-4FDE-9E9C-1E8BEA404AE5}.Debug|x64.ActiveCfg = Debug|Any CPU
		{F38E8C62-7156-4FDE-9E9C-1E8BEA404AE5}.Debug|x64.Build.0 = Debug|Any CPU
		{F38E8C62-7156-4FDE-9E9C-1E8BEA404AE5}.Debug|x86.ActiveCfg = Debug|Any CPU
		{F38E8C62-7156-4FDE-9E9C-1E8BEA404AE5}.Debug|x86.Build.0 = Debug|Any CPU
		{F38E8C62-7156-4FDE-9E9C-1E8BEA404AE5}.Release|Any CPU.ActiveCfg = Release|Any CPU
		{F38E8C62-7156-4FDE-9E9C-1E8BEA404AE5}.Release|Any CPU.Build.0 = Release|Any CPU
		{F38E8C62-7156-4FDE-9E9C-1E8BEA404AE5}.Release|x64.ActiveCfg = Release|Any CPU
		{F38E8C62-7156-4FDE-9E9C-1E8BEA404AE5}.Release|x64.Build.0 = Release|Any CPU
		{F38E8C62-7156-4FDE-9E9C-1E8BEA404AE5}.Release|x86.ActiveCfg = Release|Any CPU
		{F38E8C62-7156-4FDE-9E9C-1E8BEA404AE5}.Release|x86.Build.0 = Release|Any CPU
		{CDC8FFB3-2016-4BC5-9C17-BAD0284950FA}.Debug|Any CPU.ActiveCfg = Debug|Any CPU
		{CDC8FFB3-2016-4BC5-9C17-BAD0284950FA}.Debug|Any CPU.Build.0 = Debug|Any CPU
		{CDC8FFB3-2016-4BC5-9C17-BAD0284950FA}.Debug|x64.ActiveCfg = Debug|Any CPU
		{CDC8FFB3-2016-4BC5-9C17-BAD0284950FA}.Debug|x64.Build.0 = Debug|Any CPU
		{CDC8FFB3-2016-4BC5-9C17-BAD0284950FA}.Debug|x86.ActiveCfg = Debug|Any CPU
		{CDC8FFB3-2016-4BC5-9C17-BAD0284950FA}.Debug|x86.Build.0 = Debug|Any CPU
		{CDC8FFB3-2016-4BC5-9C17-BAD0284950FA}.Release|Any CPU.ActiveCfg = Release|Any CPU
		{CDC8FFB3-2016-4BC5-9C17-BAD0284950FA}.Release|Any CPU.Build.0 = Release|Any CPU
		{CDC8FFB3-2016-4BC5-9C17-BAD0284950FA}.Release|x64.ActiveCfg = Release|Any CPU
		{CDC8FFB3-2016-4BC5-9C17-BAD0284950FA}.Release|x64.Build.0 = Release|Any CPU
		{CDC8FFB3-2016-4BC5-9C17-BAD0284950FA}.Release|x86.ActiveCfg = Release|Any CPU
		{CDC8FFB3-2016-4BC5-9C17-BAD0284950FA}.Release|x86.Build.0 = Release|Any CPU
	EndGlobalSection
	GlobalSection(SolutionProperties) = preSolution
		HideSolutionNode = FALSE
	EndGlobalSection
	GlobalSection(NestedProjects) = preSolution
		{2DCC9595-B002-4498-BA09-5848B806C11E} = {393372C5-7479-4DC6-9DDC-E4305020EA33}
		{AB882E7D-DC8B-44AE-8F69-0696A6A96C76} = {393372C5-7479-4DC6-9DDC-E4305020EA33}
		{54F01AF5-8ECB-4078-B865-E99EE38D4047} = {393372C5-7479-4DC6-9DDC-E4305020EA33}
		{197CF56B-8C6E-4756-B417-E16891C762C0} = {393372C5-7479-4DC6-9DDC-E4305020EA33}
		{F38E8C62-7156-4FDE-9E9C-1E8BEA404AE5} = {393372C5-7479-4DC6-9DDC-E4305020EA33}
		{CDC8FFB3-2016-4BC5-9C17-BAD0284950FA} = {393372C5-7479-4DC6-9DDC-E4305020EA33}
	EndGlobalSection
	GlobalSection(ExtensibilityGlobals) = postSolution
		SolutionGuid = {7E36A8E7-CB89-4AE8-8F16-3D077362E2E8}
	EndGlobalSection
EndGlobal
