
Microsoft Visual Studio Solution File, Format Version 12.00
# Visual Studio Version 16
VisualStudioVersion = 16.0.30114.105
MinimumVisualStudioVersion = 10.0.40219.1
Project("{FAE04EC0-301F-11D3-BF4B-00C04F79EFBC}") = "R5T.D0116", "R5T.D0116\R5T.D0116.csproj", "{800C01D8-7200-4A18-9D3C-EA32B47BA413}"
EndProject
Project("{FAE04EC0-301F-11D3-BF4B-00C04F79EFBC}") = "R5T.D0116.Construction", "R5T.D0116.Construction\R5T.D0116.Construction.csproj", "{F297DF25-BA93-4D8C-9B6D-7605F5ADFFD8}"
EndProject
Project("{FAE04EC0-301F-11D3-BF4B-00C04F79EFBC}") = "R5T.D0116.I001", "R5T.D0116.I001\R5T.D0116.I001.csproj", "{5A8DEF7D-9706-4BDB-9033-D86FA406569F}"
EndProject
Project("{FAE04EC0-301F-11D3-BF4B-00C04F79EFBC}") = "R5T.D0116.T000", "R5T.D0116.T000\R5T.D0116.T000.csproj", "{FAA82757-83D2-4219-A6B4-ABD7E394DB58}"
EndProject
Project("{FAE04EC0-301F-11D3-BF4B-00C04F79EFBC}") = "R5T.D0116.X001", "R5T.D0116.X001\R5T.D0116.X001.csproj", "{555CE9C0-9897-41F5-BD7F-388A716E4D13}"
EndProject
Global
	GlobalSection(SolutionConfigurationPlatforms) = preSolution
		Debug|Any CPU = Debug|Any CPU
		Debug|x64 = Debug|x64
		Debug|x86 = Debug|x86
		Release|Any CPU = Release|Any CPU
		Release|x64 = Release|x64
		Release|x86 = Release|x86
	EndGlobalSection
	GlobalSection(SolutionProperties) = preSolution
		HideSolutionNode = FALSE
	EndGlobalSection
	GlobalSection(ProjectConfigurationPlatforms) = postSolution
		{800C01D8-7200-4A18-9D3C-EA32B47BA413}.Debug|Any CPU.ActiveCfg = Debug|Any CPU
		{800C01D8-7200-4A18-9D3C-EA32B47BA413}.Debug|Any CPU.Build.0 = Debug|Any CPU
		{800C01D8-7200-4A18-9D3C-EA32B47BA413}.Debug|x64.ActiveCfg = Debug|Any CPU
		{800C01D8-7200-4A18-9D3C-EA32B47BA413}.Debug|x64.Build.0 = Debug|Any CPU
		{800C01D8-7200-4A18-9D3C-EA32B47BA413}.Debug|x86.ActiveCfg = Debug|Any CPU
		{800C01D8-7200-4A18-9D3C-EA32B47BA413}.Debug|x86.Build.0 = Debug|Any CPU
		{800C01D8-7200-4A18-9D3C-EA32B47BA413}.Release|Any CPU.ActiveCfg = Release|Any CPU
		{800C01D8-7200-4A18-9D3C-EA32B47BA413}.Release|Any CPU.Build.0 = Release|Any CPU
		{800C01D8-7200-4A18-9D3C-EA32B47BA413}.Release|x64.ActiveCfg = Release|Any CPU
		{800C01D8-7200-4A18-9D3C-EA32B47BA413}.Release|x64.Build.0 = Release|Any CPU
		{800C01D8-7200-4A18-9D3C-EA32B47BA413}.Release|x86.ActiveCfg = Release|Any CPU
		{800C01D8-7200-4A18-9D3C-EA32B47BA413}.Release|x86.Build.0 = Release|Any CPU
		{F297DF25-BA93-4D8C-9B6D-7605F5ADFFD8}.Debug|Any CPU.ActiveCfg = Debug|Any CPU
		{F297DF25-BA93-4D8C-9B6D-7605F5ADFFD8}.Debug|Any CPU.Build.0 = Debug|Any CPU
		{F297DF25-BA93-4D8C-9B6D-7605F5ADFFD8}.Debug|x64.ActiveCfg = Debug|Any CPU
		{F297DF25-BA93-4D8C-9B6D-7605F5ADFFD8}.Debug|x64.Build.0 = Debug|Any CPU
		{F297DF25-BA93-4D8C-9B6D-7605F5ADFFD8}.Debug|x86.ActiveCfg = Debug|Any CPU
		{F297DF25-BA93-4D8C-9B6D-7605F5ADFFD8}.Debug|x86.Build.0 = Debug|Any CPU
		{F297DF25-BA93-4D8C-9B6D-7605F5ADFFD8}.Release|Any CPU.ActiveCfg = Release|Any CPU
		{F297DF25-BA93-4D8C-9B6D-7605F5ADFFD8}.Release|Any CPU.Build.0 = Release|Any CPU
		{F297DF25-BA93-4D8C-9B6D-7605F5ADFFD8}.Release|x64.ActiveCfg = Release|Any CPU
		{F297DF25-BA93-4D8C-9B6D-7605F5ADFFD8}.Release|x64.Build.0 = Release|Any CPU
		{F297DF25-BA93-4D8C-9B6D-7605F5ADFFD8}.Release|x86.ActiveCfg = Release|Any CPU
		{F297DF25-BA93-4D8C-9B6D-7605F5ADFFD8}.Release|x86.Build.0 = Release|Any CPU
		{5A8DEF7D-9706-4BDB-9033-D86FA406569F}.Debug|Any CPU.ActiveCfg = Debug|Any CPU
		{5A8DEF7D-9706-4BDB-9033-D86FA406569F}.Debug|Any CPU.Build.0 = Debug|Any CPU
		{5A8DEF7D-9706-4BDB-9033-D86FA406569F}.Debug|x64.ActiveCfg = Debug|Any CPU
		{5A8DEF7D-9706-4BDB-9033-D86FA406569F}.Debug|x64.Build.0 = Debug|Any CPU
		{5A8DEF7D-9706-4BDB-9033-D86FA406569F}.Debug|x86.ActiveCfg = Debug|Any CPU
		{5A8DEF7D-9706-4BDB-9033-D86FA406569F}.Debug|x86.Build.0 = Debug|Any CPU
		{5A8DEF7D-9706-4BDB-9033-D86FA406569F}.Release|Any CPU.ActiveCfg = Release|Any CPU
		{5A8DEF7D-9706-4BDB-9033-D86FA406569F}.Release|Any CPU.Build.0 = Release|Any CPU
		{5A8DEF7D-9706-4BDB-9033-D86FA406569F}.Release|x64.ActiveCfg = Release|Any CPU
		{5A8DEF7D-9706-4BDB-9033-D86FA406569F}.Release|x64.Build.0 = Release|Any CPU
		{5A8DEF7D-9706-4BDB-9033-D86FA406569F}.Release|x86.ActiveCfg = Release|Any CPU
		{5A8DEF7D-9706-4BDB-9033-D86FA406569F}.Release|x86.Build.0 = Release|Any CPU
		{FAA82757-83D2-4219-A6B4-ABD7E394DB58}.Debug|Any CPU.ActiveCfg = Debug|Any CPU
		{FAA82757-83D2-4219-A6B4-ABD7E394DB58}.Debug|Any CPU.Build.0 = Debug|Any CPU
		{FAA82757-83D2-4219-A6B4-ABD7E394DB58}.Debug|x64.ActiveCfg = Debug|Any CPU
		{FAA82757-83D2-4219-A6B4-ABD7E394DB58}.Debug|x64.Build.0 = Debug|Any CPU
		{FAA82757-83D2-4219-A6B4-ABD7E394DB58}.Debug|x86.ActiveCfg = Debug|Any CPU
		{FAA82757-83D2-4219-A6B4-ABD7E394DB58}.Debug|x86.Build.0 = Debug|Any CPU
		{FAA82757-83D2-4219-A6B4-ABD7E394DB58}.Release|Any CPU.ActiveCfg = Release|Any CPU
		{FAA82757-83D2-4219-A6B4-ABD7E394DB58}.Release|Any CPU.Build.0 = Release|Any CPU
		{FAA82757-83D2-4219-A6B4-ABD7E394DB58}.Release|x64.ActiveCfg = Release|Any CPU
		{FAA82757-83D2-4219-A6B4-ABD7E394DB58}.Release|x64.Build.0 = Release|Any CPU
		{FAA82757-83D2-4219-A6B4-ABD7E394DB58}.Release|x86.ActiveCfg = Release|Any CPU
		{FAA82757-83D2-4219-A6B4-ABD7E394DB58}.Release|x86.Build.0 = Release|Any CPU
		{555CE9C0-9897-41F5-BD7F-388A716E4D13}.Debug|Any CPU.ActiveCfg = Debug|Any CPU
		{555CE9C0-9897-41F5-BD7F-388A716E4D13}.Debug|Any CPU.Build.0 = Debug|Any CPU
		{555CE9C0-9897-41F5-BD7F-388A716E4D13}.Debug|x64.ActiveCfg = Debug|Any CPU
		{555CE9C0-9897-41F5-BD7F-388A716E4D13}.Debug|x64.Build.0 = Debug|Any CPU
		{555CE9C0-9897-41F5-BD7F-388A716E4D13}.Debug|x86.ActiveCfg = Debug|Any CPU
		{555CE9C0-9897-41F5-BD7F-388A716E4D13}.Debug|x86.Build.0 = Debug|Any CPU
		{555CE9C0-9897-41F5-BD7F-388A716E4D13}.Release|Any CPU.ActiveCfg = Release|Any CPU
		{555CE9C0-9897-41F5-BD7F-388A716E4D13}.Release|Any CPU.Build.0 = Release|Any CPU
		{555CE9C0-9897-41F5-BD7F-388A716E4D13}.Release|x64.ActiveCfg = Release|Any CPU
		{555CE9C0-9897-41F5-BD7F-388A716E4D13}.Release|x64.Build.0 = Release|Any CPU
		{555CE9C0-9897-41F5-BD7F-388A716E4D13}.Release|x86.ActiveCfg = Release|Any CPU
		{555CE9C0-9897-41F5-BD7F-388A716E4D13}.Release|x86.Build.0 = Release|Any CPU
	EndGlobalSection
EndGlobal
